
Microsoft Visual Studio Solution File, Format Version 12.00
# Visual Studio 14
VisualStudioVersion = 14.0.25420.1
MinimumVisualStudioVersion = 10.0.40219.1
Project("{FAE04EC0-301F-11D3-BF4B-00C04F79EFBC}") = "Task1", "Task1\Task1.csproj", "{31287762-DB76-434F-9F22-1AC2BB691A56}"
EndProject
Project("{FAE04EC0-301F-11D3-BF4B-00C04F79EFBC}") = "Task2", "Task2\Task2.csproj", "{67819BE6-153E-47BA-9DF8-E78CBBB21601}"
EndProject
Project("{FAE04EC0-301F-11D3-BF4B-00C04F79EFBC}") = "Task3", "Task3\Task3.csproj", "{3364CDEB-F89B-4D79-8735-7F644FFFBF69}"
EndProject
Project("{FAE04EC0-301F-11D3-BF4B-00C04F79EFBC}") = "Task3MSTests", "Task3MSTests\Task3MSTests.csproj", "{043645CC-B3F0-4FD9-9B7C-6C678BFF632B}"
EndProject
Project("{FAE04EC0-301F-11D3-BF4B-00C04F79EFBC}") = "NUnit.Tests", "NUnit.Tests\NUnit.Tests.csproj", "{489AB8D1-5BDB-438A-BBEC-818EC4F5176F}"
EndProject
Global
	GlobalSection(SolutionConfigurationPlatforms) = preSolution
		Debug|Any CPU = Debug|Any CPU
		Release|Any CPU = Release|Any CPU
	EndGlobalSection
	GlobalSection(ProjectConfigurationPlatforms) = postSolution
		{31287762-DB76-434F-9F22-1AC2BB691A56}.Debug|Any CPU.ActiveCfg = Debug|Any CPU
		{31287762-DB76-434F-9F22-1AC2BB691A56}.Debug|Any CPU.Build.0 = Debug|Any CPU
		{31287762-DB76-434F-9F22-1AC2BB691A56}.Release|Any CPU.ActiveCfg = Release|Any CPU
		{31287762-DB76-434F-9F22-1AC2BB691A56}.Release|Any CPU.Build.0 = Release|Any CPU
		{67819BE6-153E-47BA-9DF8-E78CBBB21601}.Debug|Any CPU.ActiveCfg = Debug|Any CPU
		{67819BE6-153E-47BA-9DF8-E78CBBB21601}.Debug|Any CPU.Build.0 = Debug|Any CPU
		{67819BE6-153E-47BA-9DF8-E78CBBB21601}.Release|Any CPU.ActiveCfg = Release|Any CPU
		{67819BE6-153E-47BA-9DF8-E78CBBB21601}.Release|Any CPU.Build.0 = Release|Any CPU
		{3364CDEB-F89B-4D79-8735-7F644FFFBF69}.Debug|Any CPU.ActiveCfg = Debug|Any CPU
		{3364CDEB-F89B-4D79-8735-7F644FFFBF69}.Debug|Any CPU.Build.0 = Debug|Any CPU
		{3364CDEB-F89B-4D79-8735-7F644FFFBF69}.Release|Any CPU.ActiveCfg = Release|Any CPU
		{3364CDEB-F89B-4D79-8735-7F644FFFBF69}.Release|Any CPU.Build.0 = Release|Any CPU
		{043645CC-B3F0-4FD9-9B7C-6C678BFF632B}.Debug|Any CPU.ActiveCfg = Debug|Any CPU
		{043645CC-B3F0-4FD9-9B7C-6C678BFF632B}.Debug|Any CPU.Build.0 = Debug|Any CPU
		{043645CC-B3F0-4FD9-9B7C-6C678BFF632B}.Release|Any CPU.ActiveCfg = Release|Any CPU
		{043645CC-B3F0-4FD9-9B7C-6C678BFF632B}.Release|Any CPU.Build.0 = Release|Any CPU
		{489AB8D1-5BDB-438A-BBEC-818EC4F5176F}.Debug|Any CPU.ActiveCfg = Debug|Any CPU
		{489AB8D1-5BDB-438A-BBEC-818EC4F5176F}.Debug|Any CPU.Build.0 = Debug|Any CPU
		{489AB8D1-5BDB-438A-BBEC-818EC4F5176F}.Release|Any CPU.ActiveCfg = Release|Any CPU
		{489AB8D1-5BDB-438A-BBEC-818EC4F5176F}.Release|Any CPU.Build.0 = Release|Any CPU
	EndGlobalSection
	GlobalSection(SolutionProperties) = preSolution
		HideSolutionNode = FALSE
	EndGlobalSection
EndGlobal
